
Microsoft Visual Studio Solution File, Format Version 12.00
# Visual Studio Version 17
VisualStudioVersion = 17.6.33723.286
MinimumVisualStudioVersion = 10.0.40219.1
Project("{FAE04EC0-301F-11D3-BF4B-00C04F79EFBC}") = "ConsoleApp1", "ConsoleApp1.csproj", "{466EFAB1-D53E-4E71-A356-1C9F485582F9}"
EndProject
Project("{FAE04EC0-301F-11D3-BF4B-00C04F79EFBC}") = "UnitTestProject1", "..\UnitTestProject1\UnitTestProject1.csproj", "{B0860B49-4786-418B-91DE-7FC6D443361A}"
EndProject
Global
	GlobalSection(SolutionConfigurationPlatforms) = preSolution
		Debug|Any CPU = Debug|Any CPU
		Release|Any CPU = Release|Any CPU
	EndGlobalSection
	GlobalSection(ProjectConfigurationPlatforms) = postSolution
		{466EFAB1-D53E-4E71-A356-1C9F485582F9}.Debug|Any CPU.ActiveCfg = Debug|Any CPU
		{466EFAB1-D53E-4E71-A356-1C9F485582F9}.Debug|Any CPU.Build.0 = Debug|Any CPU
		{466EFAB1-D53E-4E71-A356-1C9F485582F9}.Release|Any CPU.ActiveCfg = Release|Any CPU
		{466EFAB1-D53E-4E71-A356-1C9F485582F9}.Release|Any CPU.Build.0 = Release|Any CPU
		{B0860B49-4786-418B-91DE-7FC6D443361A}.Debug|Any CPU.ActiveCfg = Debug|Any CPU
		{B0860B49-4786-418B-91DE-7FC6D443361A}.Debug|Any CPU.Build.0 = Debug|Any CPU
		{B0860B49-4786-418B-91DE-7FC6D443361A}.Release|Any CPU.ActiveCfg = Release|Any CPU
		{B0860B49-4786-418B-91DE-7FC6D443361A}.Release|Any CPU.Build.0 = Release|Any CPU
	EndGlobalSection
	GlobalSection(SolutionProperties) = preSolution
		HideSolutionNode = FALSE
	EndGlobalSection
	GlobalSection(ExtensibilityGlobals) = postSolution
		SolutionGuid = {DEBEA143-9F10-4C9B-AC60-1AC029BFED92}
	EndGlobalSection
EndGlobal
